# Pin assignments for the Arrow DECA (MAX 10 10M50DAF484C6GES).
#
# Copied from the Sun-2 project, which runs a Sun-2 on this board.
#
# A .qsf is Tcl, so syn/quartus.tcl sources this directly and it still diffs
# line for line against the board's own reference,
# Inputs/doc/DECA_board/Templates/deca-template-full/deca_top.qsf.  Every
# location here is cross-checked against that file and against Table 3-x of
# Inputs/doc/DECA_board/Documents/DECA_User_manual.pdf.
#
# The twin of syn/wukong_v1.xdc and syn/wukong_common.xdc, which do the same
# job in Vivado's spelling.
#
# ---------------------------------------------------------------- I/O banks
#
# The DECA mixes five I/O voltages and the fitter enforces them, which makes
# this the one class of board mistake that cannot reach hardware:
#
#   1.2 V  bank 8: the eight LEDs
#   1.5 V  bank 4: KEY, SW, the audio codec, the SD card, DDR3
#   1.8 V  the HDMI transmitter and the USB ULPI
#   2.5 V  MAX10_CLK1_50, ADC_CLK_10, the Ethernet PHY
#   3.3 V  MAX10_CLK2_50, both GPIO headers, the QSPI flash
#
# So *every* pin below carries an explicit IO_STANDARD.  An omitted one defaults
# to 2.5 V and the fitter stops with a bank conflict naming two pins -- a good
# error, but only if the assignment was meant to be there at all.
#
# Note bank 8 at 1.2 V is why quartus.tcl turns the configuration pins off; the
# board is JTAG-only as a consequence, which is what this port assumes anyway.

# ------------------------------------------------------------------- clock
set_location_assignment PIN_M8 -to MAX10_CLK1_50
set_instance_assignment -name IO_STANDARD "2.5 V" -to MAX10_CLK1_50

# ------------------------------------------------------- buttons and switches
# Schmitt-trigger inputs at 1.5 V.  KEY is active low and there is no separate
# reset button on this board, so KEY[0] is the machine's reset.
set_location_assignment PIN_H21 -to KEY[0]
set_location_assignment PIN_H22 -to KEY[1]
set_instance_assignment -name IO_STANDARD "1.5 V SCHMITT TRIGGER" -to KEY[0]
set_instance_assignment -name IO_STANDARD "1.5 V SCHMITT TRIGGER" -to KEY[1]

set_location_assignment PIN_J21 -to SW[0]
set_location_assignment PIN_J22 -to SW[1]
set_instance_assignment -name IO_STANDARD "1.5 V SCHMITT TRIGGER" -to SW[0]
set_instance_assignment -name IO_STANDARD "1.5 V SCHMITT TRIGGER" -to SW[1]

# -------------------------------------------------------------------- LEDs
# Bank 8, 1.2 V, and ACTIVE LOW -- the user manual is explicit that driving a
# pin high turns its LED off.  deca_top inverts; do not invert twice.
set_location_assignment PIN_C7 -to LED[0]
set_location_assignment PIN_C8 -to LED[1]
set_location_assignment PIN_A6 -to LED[2]
set_location_assignment PIN_B7 -to LED[3]
set_location_assignment PIN_C4 -to LED[4]
set_location_assignment PIN_A5 -to LED[5]
set_location_assignment PIN_B4 -to LED[6]
set_location_assignment PIN_C5 -to LED[7]
foreach i {0 1 2 3 4 5 6 7} {
    set_instance_assignment -name IO_STANDARD "1.2 V" -to LED[$i]
}

# ------------------------------------------------------------ GPIO headers
# P8 (GPIO0) carries the Sun-3 diag register (lit = 1) and the console TX, P9 (GPIO1) the todebug ladder.
#
# GPIO0_D[0] = PIN_W18 is what the DECA's own template calls UART_TXD, and
# deca_top puts the console transmit line there deliberately: a USB-TTL cable on
# P8 pin 3 then sees the monitor with no gateware change at all, which is the
# fallback if the JTAG console gives trouble.  GPIO0_D[1] = PIN_Y18 is the
# matching UART_RXD and is left unassigned for that day.
set_location_assignment PIN_W18  -to GPIO0_D[0]
set_location_assignment PIN_Y19  -to GPIO0_D[1]
set_location_assignment PIN_AA17 -to GPIO0_D[2]
set_location_assignment PIN_AA20 -to GPIO0_D[3]
set_location_assignment PIN_AA19 -to GPIO0_D[4]
set_location_assignment PIN_AB21 -to GPIO0_D[5]
set_location_assignment PIN_AB20 -to GPIO0_D[6]
set_location_assignment PIN_AB19 -to GPIO0_D[7]

set_location_assignment PIN_Y5  -to GPIO1_D[0]
set_location_assignment PIN_Y6  -to GPIO1_D[1]
set_location_assignment PIN_W6  -to GPIO1_D[2]
set_location_assignment PIN_W7  -to GPIO1_D[3]
set_location_assignment PIN_W8  -to GPIO1_D[4]
set_location_assignment PIN_V8  -to GPIO1_D[5]
set_location_assignment PIN_AB8 -to GPIO1_D[6]
set_location_assignment PIN_V7  -to GPIO1_D[7]

foreach i {0 1 2 3 4 5 6 7} {
    set_instance_assignment -name IO_STANDARD "3.3-V LVTTL" -to GPIO0_D[$i]
    set_instance_assignment -name IO_STANDARD "3.3-V LVTTL" -to GPIO1_D[$i]
}

# ---------------------------------------------------------------- Ethernet
# TI DP83620, 10/100, MII.  All 2.5 V except NET_PCF_EN.
#
# Connected from the first build even though nothing brings the PHY up yet.
# With the two receive clocks tied to constants Quartus prunes most of the
# 82586's receive unit, and then the resource and Fmax numbers describe a design
# that is not the one which will run.  Seventeen pins buys honest measurements.
set_location_assignment PIN_T5 -to NET_TX_CLK
set_location_assignment PIN_T6 -to NET_RX_CLK
set_location_assignment PIN_U2 -to NET_TXD[0]
set_location_assignment PIN_W1 -to NET_TXD[1]
set_location_assignment PIN_N9 -to NET_TXD[2]
set_location_assignment PIN_W2 -to NET_TXD[3]
set_location_assignment PIN_P3 -to NET_TX_EN
set_location_assignment PIN_U5 -to NET_RXD[0]
set_location_assignment PIN_U4 -to NET_RXD[1]
set_location_assignment PIN_R7 -to NET_RXD[2]
set_location_assignment PIN_P8 -to NET_RXD[3]
set_location_assignment PIN_P4 -to NET_RX_DV
set_location_assignment PIN_V1 -to NET_RX_ER
set_location_assignment PIN_P5 -to NET_CRS
set_location_assignment PIN_R4 -to NET_COL
set_location_assignment PIN_R3 -to NET_RESET_n
set_location_assignment PIN_R5 -to NET_MDC
set_location_assignment PIN_N8 -to NET_MDIO
set_location_assignment PIN_V9 -to NET_PCF_EN

foreach p {NET_TX_CLK NET_RX_CLK NET_TX_EN NET_RX_DV NET_RX_ER NET_CRS \
           NET_COL NET_RESET_n NET_MDC NET_MDIO} {
    set_instance_assignment -name IO_STANDARD "2.5 V" -to $p
}

# Seven of these pins are the PHY's mode straps, latched when RESET_N is
# released, and they are shared with ordinary MII function pins.  An FPGA weak
# pull-up on one of them latches the wrong mode: RX_DV is MII_MODE (pin 39, and
# the schematic shows no external pull, so the part's internal pulldown decides
# and the board is MII), RX_ER is FX_EN_Z, CRS is LED_CFG, TXD_3 is RMII_MAS,
# and RXD_[3:0] carry the PHY address.
#
# Quartus does not put a pull-up on an assigned input by default, so this is
# belt and braces -- but the failure it prevents is a PHY in RMII mode answering
# a four-bit MII MAC, which presents as a MAC that simply does not work.
foreach p {NET_RX_DV NET_RX_ER NET_CRS NET_COL NET_RXD[0] NET_RXD[1] \
           NET_RXD[2] NET_RXD[3]} {
    set_instance_assignment -name WEAK_PULL_UP_RESISTOR OFF -to $p
}
foreach i {0 1 2 3} {
    set_instance_assignment -name IO_STANDARD "2.5 V" -to NET_TXD[$i]
    set_instance_assignment -name IO_STANDARD "2.5 V" -to NET_RXD[$i]
}
set_instance_assignment -name IO_STANDARD "3.3-V LVTTL" -to NET_PCF_EN

# --------------------------------------------------------------- micro-SD
# The SCSI disk's media (blk_sd), in SPI mode.
#
# The FPGA does not reach the card: U22 is an SN74AVCA406L level translator
# whose A side sits on the 1.5 V DDR3 rail -- which is why these live in bank 4
# with DDR3 -- and whose B side is powered through load switches that SD_SEL
# selects.  Four of the eight pins therefore carry no data at all; they
# configure the translator, and in SPI mode they are constants driven in
# deca_top.sv.  Pinout is DECA_User_manual.pdf Table 3-21, polarities are
# Inputs/doc/DECA_board/Tutorials/Porting-Cores/README.md.  Nothing inferred.
#
# SD_DAT1 (T18), SD_DAT2 (T19) and SD_FB_CLK (R22) are not used in SPI mode and
# are deliberately left unassigned.
set_location_assignment PIN_T20 -to SD_CLK        ;# SCK
set_location_assignment PIN_T21 -to SD_CMD        ;# MOSI
set_location_assignment PIN_R18 -to SD_MISO       ;# DAT0
set_location_assignment PIN_R20 -to SD_CS_N       ;# DAT3, used as chip select
set_location_assignment PIN_T18 -to SD_DAT1       ;# unused in SPI mode, driven
set_location_assignment PIN_T19 -to SD_DAT2       ;#   high rather than reserved
set_location_assignment PIN_U22 -to SD_CMD_DIR
set_location_assignment PIN_T22 -to SD_D0_DIR
set_location_assignment PIN_U21 -to SD_D123_DIR
foreach p {SD_CLK SD_CMD SD_MISO SD_CS_N SD_DAT1 SD_DAT2 \
           SD_CMD_DIR SD_D0_DIR SD_D123_DIR} {
    set_instance_assignment -name IO_STANDARD "1.5 V" -to $p
}

# The board template turns this on and it costs nothing: an SD card releases
# MISO between transfers, and blk_sd reads the line while it is released.
set_instance_assignment -name WEAK_PULL_UP_RESISTOR ON -to SD_MISO

# SD_SEL is the odd one out and the one to watch.  The user manual gives it as
# 3.3 V -- Table 3-21, "FPGA output SD card VCCIO select, 3.3V" -- while the
# board's own template assigns the location and comments the IO_STANDARD out.
# The manual is the authority and an omitted standard would silently default to
# 2.5 V, which is the failure this file's header warns about.
set_location_assignment PIN_P13 -to SD_SEL
set_instance_assignment -name IO_STANDARD "3.3-V LVTTL" -to SD_SEL

# The HDMI transmitter is not used by this machine yet; its pins are left
# unassigned.  The Sun-2 project's copy of this file has them.
